// !$*UTF8*$!
{
	archiveVersion = 1;
	classes = {
	};
	objectVersion = 46;
	objects = {

/* Begin PBXBuildFile section */
		D5E9699B1B25342800EA8A25 /* main.m in Sources */ = {isa = PBXBuildFile; fileRef = D5E9699A1B25342800EA8A25 /* main.m */; };
		D5E9699E1B25342800EA8A25 /* AppDelegate.m in Sources */ = {isa = PBXBuildFile; fileRef = D5E9699D1B25342800EA8A25 /* AppDelegate.m */; };
		D5E969A11B25342800EA8A25 /* ImageText.m in Sources */ = {isa = PBXBuildFile; fileRef = D5E969A01B25342800EA8A25 /* ImageText.m */; };
		D5E969A41B25342800EA8A25 /* Main.storyboard in Resources */ = {isa = PBXBuildFile; fileRef = D5E969A21B25342800EA8A25 /* Main.storyboard */; };
		D5E969A61B25342800EA8A25 /* Images.xcassets in Resources */ = {isa = PBXBuildFile; fileRef = D5E969A51B25342800EA8A25 /* Images.xcassets */; };
		D5E969A91B25342800EA8A25 /* LaunchScreen.xib in Resources */ = {isa = PBXBuildFile; fileRef = D5E969A71B25342800EA8A25 /* LaunchScreen.xib */; };
		D5E969B51B25342800EA8A25 /* ImageTextMixTests.m in Sources */ = {isa = PBXBuildFile; fileRef = D5E969B41B25342800EA8A25 /* ImageTextMixTests.m */; };
		D5E969C11B2538A400EA8A25 /* OEmotion.m in Sources */ = {isa = PBXBuildFile; fileRef = D5E969C01B2538A400EA8A25 /* OEmotion.m */; };
		D5E969C41B253A5D00EA8A25 /* OTextPart.m in Sources */ = {isa = PBXBuildFile; fileRef = D5E969C31B253A5D00EA8A25 /* OTextPart.m */; };
		D5E969C71B25431000EA8A25 /* OTextParser.m in Sources */ = {isa = PBXBuildFile; fileRef = D5E969C61B25431000EA8A25 /* OTextParser.m */; };
		D5E969CA1B25492D00EA8A25 /* RegexKitLite.m in Sources */ = {isa = PBXBuildFile; fileRef = D5E969C91B25492D00EA8A25 /* RegexKitLite.m */; settings = {COMPILER_FLAGS = "-fno-objc-arc"; }; };
		D5E969CC1B25497900EA8A25 /* libicucore.dylib in Frameworks */ = {isa = PBXBuildFile; fileRef = D5E969CB1B25497900EA8A25 /* libicucore.dylib */; };
/* End PBXBuildFile section */

/* Begin PBXContainerItemProxy section */
		D5E969AF1B25342800EA8A25 /* PBXContainerItemProxy */ = {
			isa = PBXContainerItemProxy;
			containerPortal = D5E9698D1B25342800EA8A25 /* Project object */;
			proxyType = 1;
			remoteGlobalIDString = D5E969941B25342800EA8A25;
			remoteInfo = ImageTextMix;
		};
/* End PBXContainerItemProxy section */

/* Begin PBXFileReference section */
		D5E969951B25342800EA8A25 /* ImageTextMix.app */ = {isa = PBXFileReference; explicitFileType = wrapper.application; includeInIndex = 0; path = ImageTextMix.app; sourceTree = BUILT_PRODUCTS_DIR; };
		D5E969991B25342800EA8A25 /* Info.plist */ = {isa = PBXFileReference; lastKnownFileType = text.plist.xml; path = Info.plist; sourceTree = "<group>"; };
		D5E9699A1B25342800EA8A25 /* main.m */ = {isa = PBXFileReference; lastKnownFileType = sourcecode.c.objc; path = main.m; sourceTree = "<group>"; };
		D5E9699C1B25342800EA8A25 /* AppDelegate.h */ = {isa = PBXFileReference; lastKnownFileType = sourcecode.c.h; path = AppDelegate.h; sourceTree = "<group>"; };
		D5E9699D1B25342800EA8A25 /* AppDelegate.m */ = {isa = PBXFileReference; lastKnownFileType = sourcecode.c.objc; path = AppDelegate.m; sourceTree = "<group>"; };
		D5E9699F1B25342800EA8A25 /* ImageText.h */ = {isa = PBXFileReference; lastKnownFileType = sourcecode.c.h; path = ImageText.h; sourceTree = "<group>"; };
		D5E969A01B25342800EA8A25 /* ImageText.m */ = {isa = PBXFileReference; lastKnownFileType = sourcecode.c.objc; path = ImageText.m; sourceTree = "<group>"; };
		D5E969A31B25342800EA8A25 /* Base */ = {isa = PBXFileReference; lastKnownFileType = file.storyboard; name = Base; path = Base.lproj/Main.storyboard; sourceTree = "<group>"; };
		D5E969A51B25342800EA8A25 /* Images.xcassets */ = {isa = PBXFileReference; lastKnownFileType = folder.assetcatalog; path = Images.xcassets; sourceTree = "<group>"; };
		D5E969A81B25342800EA8A25 /* Base */ = {isa = PBXFileReference; lastKnownFileType = file.xib; name = Base; path = Base.lproj/LaunchScreen.xib; sourceTree = "<group>"; };
		D5E969AE1B25342800EA8A25 /* ImageTextMixTests.xctest */ = {isa = PBXFileReference; explicitFileType = wrapper.cfbundle; includeInIndex = 0; path = ImageTextMixTests.xctest; sourceTree = BUILT_PRODUCTS_DIR; };
		D5E969B31B25342800EA8A25 /* Info.plist */ = {isa = PBXFileReference; lastKnownFileType = text.plist.xml; path = Info.plist; sourceTree = "<group>"; };
		D5E969B41B25342800EA8A25 /* ImageTextMixTests.m */ = {isa = PBXFileReference; lastKnownFileType = sourcecode.c.objc; path = ImageTextMixTests.m; sourceTree = "<group>"; };
		D5E969BF1B2538A400EA8A25 /* OEmotion.h */ = {isa = PBXFileReference; fileEncoding = 4; lastKnownFileType = sourcecode.c.h; path = OEmotion.h; sourceTree = "<group>"; };
		D5E969C01B2538A400EA8A25 /* OEmotion.m */ = {isa = PBXFileReference; fileEncoding = 4; lastKnownFileType = sourcecode.c.objc; path = OEmotion.m; sourceTree = "<group>"; };
		D5E969C21B253A5D00EA8A25 /* OTextPart.h */ = {isa = PBXFileReference; fileEncoding = 4; lastKnownFileType = sourcecode.c.h; path = OTextPart.h; sourceTree = "<group>"; };
		D5E969C31B253A5D00EA8A25 /* OTextPart.m */ = {isa = PBXFileReference; fileEncoding = 4; lastKnownFileType = sourcecode.c.objc; path = OTextPart.m; sourceTree = "<group>"; };
		D5E969C51B25431000EA8A25 /* OTextParser.h */ = {isa = PBXFileReference; fileEncoding = 4; lastKnownFileType = sourcecode.c.h; path = OTextParser.h; sourceTree = "<group>"; };
		D5E969C61B25431000EA8A25 /* OTextParser.m */ = {isa = PBXFileReference; fileEncoding = 4; lastKnownFileType = sourcecode.c.objc; path = OTextParser.m; sourceTree = "<group>"; };
		D5E969C81B25492D00EA8A25 /* RegexKitLite.h */ = {isa = PBXFileReference; fileEncoding = 4; lastKnownFileType = sourcecode.c.h; path = RegexKitLite.h; sourceTree = "<group>"; };
		D5E969C91B25492D00EA8A25 /* RegexKitLite.m */ = {isa = PBXFileReference; fileEncoding = 4; lastKnownFileType = sourcecode.c.objc; path = RegexKitLite.m; sourceTree = "<group>"; };
		D5E969CB1B25497900EA8A25 /* libicucore.dylib */ = {isa = PBXFileReference; lastKnownFileType = "compiled.mach-o.dylib"; name = libicucore.dylib; path = usr/lib/libicucore.dylib; sourceTree = SDKROOT; };
/* End PBXFileReference section */

/* Begin PBXFrameworksBuildPhase section */
		D5E969921B25342800EA8A25 /* Frameworks */ = {
			isa = PBXFrameworksBuildPhase;
			buildActionMask = 2147483647;
			files = (
				D5E969CC1B25497900EA8A25 /* libicucore.dylib in Frameworks */,
			);
			runOnlyForDeploymentPostprocessing = 0;
		};
		D5E969AB1B25342800EA8A25 /* Frameworks */ = {
			isa = PBXFrameworksBuildPhase;
			buildActionMask = 2147483647;
			files = (
			);
			runOnlyForDeploymentPostprocessing = 0;
		};
/* End PBXFrameworksBuildPhase section */

/* Begin PBXGroup section */
		D5E9698C1B25342800EA8A25 = {
			isa = PBXGroup;
			children = (
				D5E969CB1B25497900EA8A25 /* libicucore.dylib */,
				D5E969971B25342800EA8A25 /* ImageTextMix */,
				D5E969B11B25342800EA8A25 /* ImageTextMixTests */,
				D5E969961B25342800EA8A25 /* Products */,
			);
			sourceTree = "<group>";
		};
		D5E969961B25342800EA8A25 /* Products */ = {
			isa = PBXGroup;
			children = (
				D5E969951B25342800EA8A25 /* ImageTextMix.app */,
				D5E969AE1B25342800EA8A25 /* ImageTextMixTests.xctest */,
			);
			name = Products;
			sourceTree = "<group>";
		};
		D5E969971B25342800EA8A25 /* ImageTextMix */ = {
			isa = PBXGroup;
			children = (
				D5E969C81B25492D00EA8A25 /* RegexKitLite.h */,
				D5E969C91B25492D00EA8A25 /* RegexKitLite.m */,
				D5E969BE1B25382D00EA8A25 /* Model */,
				D5E9699C1B25342800EA8A25 /* AppDelegate.h */,
				D5E9699D1B25342800EA8A25 /* AppDelegate.m */,
				D5E9699F1B25342800EA8A25 /* ImageText.h */,
				D5E969A01B25342800EA8A25 /* ImageText.m */,
				D5E969A21B25342800EA8A25 /* Main.storyboard */,
				D5E969A51B25342800EA8A25 /* Images.xcassets */,
				D5E969A71B25342800EA8A25 /* LaunchScreen.xib */,
				D5E969981B25342800EA8A25 /* Supporting Files */,
			);
			path = ImageTextMix;
			sourceTree = "<group>";
		};
		D5E969981B25342800EA8A25 /* Supporting Files */ = {
			isa = PBXGroup;
			children = (
				D5E969991B25342800EA8A25 /* Info.plist */,
				D5E9699A1B25342800EA8A25 /* main.m */,
			);
			name = "Supporting Files";
			sourceTree = "<group>";
		};
		D5E969B11B25342800EA8A25 /* ImageTextMixTests */ = {
			isa = PBXGroup;
			children = (
				D5E969B41B25342800EA8A25 /* ImageTextMixTests.m */,
				D5E969B21B25342800EA8A25 /* Supporting Files */,
			);
			path = ImageTextMixTests;
			sourceTree = "<group>";
		};
		D5E969B21B25342800EA8A25 /* Supporting Files */ = {
			isa = PBXGroup;
			children = (
				D5E969B31B25342800EA8A25 /* Info.plist */,
			);
			name = "Supporting Files";
			sourceTree = "<group>";
		};
		D5E969BE1B25382D00EA8A25 /* Model */ = {
			isa = PBXGroup;
			children = (
				D5E969BF1B2538A400EA8A25 /* OEmotion.h */,
				D5E969C01B2538A400EA8A25 /* OEmotion.m */,
				D5E969C21B253A5D00EA8A25 /* OTextPart.h */,
				D5E969C31B253A5D00EA8A25 /* OTextPart.m */,
				D5E969C51B25431000EA8A25 /* OTextParser.h */,
				D5E969C61B25431000EA8A25 /* OTextParser.m */,
			);
			name = Model;
			sourceTree = "<group>";
		};
/* End PBXGroup section */

/* Begin PBXNativeTarget section */
		D5E969941B25342800EA8A25 /* ImageTextMix */ = {
			isa = PBXNativeTarget;
			buildConfigurationList = D5E969B81B25342800EA8A25 /* Build configuration list for PBXNativeTarget "ImageTextMix" */;
			buildPhases = (
				D5E969911B25342800EA8A25 /* Sources */,
				D5E969921B25342800EA8A25 /* Frameworks */,
				D5E969931B25342800EA8A25 /* Resources */,
			);
			buildRules = (
			);
			dependencies = (
			);
			name = ImageTextMix;
			productName = ImageTextMix;
			productReference = D5E969951B25342800EA8A25 /* ImageTextMix.app */;
			productType = "com.apple.product-type.application";
		};
		D5E969AD1B25342800EA8A25 /* ImageTextMixTests */ = {
			isa = PBXNativeTarget;
			buildConfigurationList = D5E969BB1B25342800EA8A25 /* Build configuration list for PBXNativeTarget "ImageTextMixTests" */;
			buildPhases = (
				D5E969AA1B25342800EA8A25 /* Sources */,
				D5E969AB1B25342800EA8A25 /* Frameworks */,
				D5E969AC1B25342800EA8A25 /* Resources */,
			);
			buildRules = (
			);
			dependencies = (
				D5E969B01B25342800EA8A25 /* PBXTargetDependency */,
			);
			name = ImageTextMixTests;
			productName = ImageTextMixTests;
			productReference = D5E969AE1B25342800EA8A25 /* ImageTextMixTests.xctest */;
			productType = "com.apple.product-type.bundle.unit-test";
		};
/* End PBXNativeTarget section */

/* Begin PBXProject section */
		D5E9698D1B25342800EA8A25 /* Project object */ = {
			isa = PBXProject;
			attributes = {
				LastUpgradeCheck = 0630;
				ORGANIZATIONNAME = "赵锋";
				TargetAttributes = {
					D5E969941B25342800EA8A25 = {
						CreatedOnToolsVersion = 6.3.2;
					};
					D5E969AD1B25342800EA8A25 = {
						CreatedOnToolsVersion = 6.3.2;
						TestTargetID = D5E969941B25342800EA8A25;
					};
				};
			};
			buildConfigurationList = D5E969901B25342800EA8A25 /* Build configuration list for PBXProject "ImageTextMix" */;
			compatibilityVersion = "Xcode 3.2";
			developmentRegion = English;
			hasScannedForEncodings = 0;
			knownRegions = (
				en,
				Base,
			);
			mainGroup = D5E9698C1B25342800EA8A25;
			productRefGroup = D5E969961B25342800EA8A25 /* Products */;
			projectDirPath = "";
			projectRoot = "";
			targets = (
				D5E969941B25342800EA8A25 /* ImageTextMix */,
				D5E969AD1B25342800EA8A25 /* ImageTextMixTests */,
			);
		};
/* End PBXProject section */

/* Begin PBXResourcesBuildPhase section */
		D5E969931B25342800EA8A25 /* Resources */ = {
			isa = PBXResourcesBuildPhase;
			buildActionMask = 2147483647;
			files = (
				D5E969A41B25342800EA8A25 /* Main.storyboard in Resources */,
				D5E969A91B25342800EA8A25 /* LaunchScreen.xib in Resources */,
				D5E969A61B25342800EA8A25 /* Images.xcassets in Resources */,
			);
			runOnlyForDeploymentPostprocessing = 0;
		};
		D5E969AC1B25342800EA8A25 /* Resources */ = {
			isa = PBXResourcesBuildPhase;
			buildActionMask = 2147483647;
			files = (
			);
			runOnlyForDeploymentPostprocessing = 0;
		};
/* End PBXResourcesBuildPhase section */

/* Begin PBXSourcesBuildPhase section */
		D5E969911B25342800EA8A25 /* Sources */ = {
			isa = PBXSourcesBuildPhase;
			buildActionMask = 2147483647;
			files = (
				D5E969CA1B25492D00EA8A25 /* RegexKitLite.m in Sources */,
				D5E969A11B25342800EA8A25 /* ImageText.m in Sources */,
				D5E9699E1B25342800EA8A25 /* AppDelegate.m in Sources */,
				D5E969C41B253A5D00EA8A25 /* OTextPart.m in Sources */,
				D5E9699B1B25342800EA8A25 /* main.m in Sources */,
				D5E969C11B2538A400EA8A25 /* OEmotion.m in Sources */,
				D5E969C71B25431000EA8A25 /* OTextParser.m in Sources */,
			);
			runOnlyForDeploymentPostprocessing = 0;
		};
		D5E969AA1B25342800EA8A25 /* Sources */ = {
			isa = PBXSourcesBuildPhase;
			buildActionMask = 2147483647;
			files = (
				D5E969B51B25342800EA8A25 /* ImageTextMixTests.m in Sources */,
			);
			runOnlyForDeploymentPostprocessing = 0;
		};
/* End PBXSourcesBuildPhase section */

/* Begin PBXTargetDependency section */
		D5E969B01B25342800EA8A25 /* PBXTargetDependency */ = {
			isa = PBXTargetDependency;
			target = D5E969941B25342800EA8A25 /* ImageTextMix */;
			targetProxy = D5E969AF1B25342800EA8A25 /* PBXContainerItemProxy */;
		};
/* End PBXTargetDependency section */

/* Begin PBXVariantGroup section */
		D5E969A21B25342800EA8A25 /* Main.storyboard */ = {
			isa = PBXVariantGroup;
			children = (
				D5E969A31B25342800EA8A25 /* Base */,
			);
			name = Main.storyboard;
			sourceTree = "<group>";
		};
		D5E969A71B25342800EA8A25 /* LaunchScreen.xib */ = {
			isa = PBXVariantGroup;
			children = (
				D5E969A81B25342800EA8A25 /* Base */,
			);
			name = LaunchScreen.xib;
			sourceTree = "<group>";
		};
/* End PBXVariantGroup section */

/* Begin XCBuildConfiguration section */
		D5E969B61B25342800EA8A25 /* Debug */ = {
			isa = XCBuildConfiguration;
			buildSettings = {
				ALWAYS_SEARCH_USER_PATHS = NO;
				CLANG_CXX_LANGUAGE_STANDARD = "gnu++0x";
				CLANG_CXX_LIBRARY = "libc++";
				CLANG_ENABLE_MODULES = YES;
				CLANG_ENABLE_OBJC_ARC = YES;
				CLANG_WARN_BOOL_CONVERSION = YES;
				CLANG_WARN_CONSTANT_CONVERSION = YES;
				CLANG_WARN_DIRECT_OBJC_ISA_USAGE = YES_ERROR;
				CLANG_WARN_EMPTY_BODY = YES;
				CLANG_WARN_ENUM_CONVERSION = YES;
				CLANG_WARN_INT_CONVERSION = YES;
				CLANG_WARN_OBJC_ROOT_CLASS = YES_ERROR;
				CLANG_WARN_UNREACHABLE_CODE = YES;
				CLANG_WARN__DUPLICATE_METHOD_MATCH = YES;
				"CODE_SIGN_IDENTITY[sdk=iphoneos*]" = "iPhone Developer";
				COPY_PHASE_STRIP = NO;
				DEBUG_INFORMATION_FORMAT = "dwarf-with-dsym";
				ENABLE_STRICT_OBJC_MSGSEND = YES;
				GCC_C_LANGUAGE_STANDARD = gnu99;
				GCC_DYNAMIC_NO_PIC = NO;
				GCC_NO_COMMON_BLOCKS = YES;
				GCC_OPTIMIZATION_LEVEL = 0;
				GCC_PREPROCESSOR_DEFINITIONS = (
					"DEBUG=1",
					"$(inherited)",
				);
				GCC_SYMBOLS_PRIVATE_EXTERN = NO;
				GCC_WARN_64_TO_32_BIT_CONVERSION = YES;
				GCC_WARN_ABOUT_RETURN_TYPE = YES_ERROR;
				GCC_WARN_UNDECLARED_SELECTOR = YES;
				GCC_WARN_UNINITIALIZED_AUTOS = YES_AGGRESSIVE;
				GCC_WARN_UNUSED_FUNCTION = YES;
				GCC_WARN_UNUSED_VARIABLE = YES;
				IPHONEOS_DEPLOYMENT_TARGET = 8.3;
				MTL_ENABLE_DEBUG_INFO = YES;
				ONLY_ACTIVE_ARCH = YES;
				SDKROOT = iphoneos;
			};
			name = Debug;
		};
		D5E969B71B25342800EA8A25 /* Release */ = {
			isa = XCBuildConfiguration;
			buildSettings = {
				ALWAYS_SEARCH_USER_PATHS = NO;
				CLANG_CXX_LANGUAGE_STANDARD = "gnu++0x";
				CLANG_CXX_LIBRARY = "libc++";
				CLANG_ENABLE_MODULES = YES;
				CLANG_ENABLE_OBJC_ARC = YES;
				CLANG_WARN_BOOL_CONVERSION = YES;
				CLANG_WARN_CONSTANT_CONVERSION = YES;
				CLANG_WARN_DIRECT_OBJC_ISA_USAGE = YES_ERROR;
				CLANG_WARN_EMPTY_BODY = YES;
				CLANG_WARN_ENUM_CONVERSION = YES;
				CLANG_WARN_INT_CONVERSION = YES;
				CLANG_WARN_OBJC_ROOT_CLASS = YES_ERROR;
				CLANG_WARN_UNREACHABLE_CODE = YES;
				CLANG_WARN__DUPLICATE_METHOD_MATCH = YES;
				"CODE_SIGN_IDENTITY[sdk=iphoneos*]" = "iPhone Developer";
				COPY_PHASE_STRIP = NO;
				DEBUG_INFORMATION_FORMAT = "dwarf-with-dsym";
				ENABLE_NS_ASSERTIONS = NO;
				ENABLE_STRICT_OBJC_MSGSEND = YES;
				GCC_C_LANGUAGE_STANDARD = gnu99;
				GCC_NO_COMMON_BLOCKS = YES;
				GCC_WARN_64_TO_32_BIT_CONVERSION = YES;
				GCC_WARN_ABOUT_RETURN_TYPE = YES_ERROR;
				GCC_WARN_UNDECLARED_SELECTOR = YES;
				GCC_WARN_UNINITIALIZED_AUTOS = YES_AGGRESSIVE;
				GCC_WARN_UNUSED_FUNCTION = YES;
				GCC_WARN_UNUSED_VARIABLE = YES;
				IPHONEOS_DEPLOYMENT_TARGET = 8.3;
				MTL_ENABLE_DEBUG_INFO = NO;
				SDKROOT = iphoneos;
				VALIDATE_PRODUCT = YES;
			};
			name = Release;
		};
		D5E969B91B25342800EA8A25 /* Debug */ = {
			isa = XCBuildConfiguration;
			buildSettings = {
				ASSETCATALOG_COMPILER_APPICON_NAME = AppIcon;
				INFOPLIST_FILE = ImageTextMix/Info.plist;
				LD_RUNPATH_SEARCH_PATHS = "$(inherited) @executable_path/Frameworks";
				PRODUCT_NAME = "$(TARGET_NAME)";
			};
			name = Debug;
		};
		D5E969BA1B25342800EA8A25 /* Release */ = {
			isa = XCBuildConfiguration;
			buildSettings = {
				ASSETCATALOG_COMPILER_APPICON_NAME = AppIcon;
				INFOPLIST_FILE = ImageTextMix/Info.plist;
				LD_RUNPATH_SEARCH_PATHS = "$(inherited) @executable_path/Frameworks";
				PRODUCT_NAME = "$(TARGET_NAME)";
			};
			name = Release;
		};
		D5E969BC1B25342800EA8A25 /* Debug */ = {
			isa = XCBuildConfiguration;
			buildSettings = {
				BUNDLE_LOADER = "$(TEST_HOST)";
				FRAMEWORK_SEARCH_PATHS = (
					"$(SDKROOT)/Developer/Library/Frameworks",
					"$(inherited)",
				);
				GCC_PREPROCESSOR_DEFINITIONS = (
					"DEBUG=1",
					"$(inherited)",
				);
				INFOPLIST_FILE = ImageTextMixTests/Info.plist;
				LD_RUNPATH_SEARCH_PATHS = "$(inherited) @executable_path/Frameworks @loader_path/Frameworks";
				PRODUCT_NAME = "$(TARGET_NAME)";
				TEST_HOST = "$(BUILT_PRODUCTS_DIR)/ImageTextMix.app/ImageTextMix";
			};
			name = Debug;
		};
		D5E969BD1B25342800EA8A25 /* Release */ = {
			isa = XCBuildConfiguration;
			buildSettings = {
				BUNDLE_LOADER = "$(TEST_HOST)";
				FRAMEWORK_SEARCH_PATHS = (
					"$(SDKROOT)/Developer/Library/Frameworks",
					"$(inherited)",
				);
				INFOPLIST_FILE = ImageTextMixTests/Info.plist;
				LD_RUNPATH_SEARCH_PATHS = "$(inherited) @executable_path/Frameworks @loader_path/Frameworks";
				PRODUCT_NAME = "$(TARGET_NAME)";
				TEST_HOST = "$(BUILT_PRODUCTS_DIR)/ImageTextMix.app/ImageTextMix";
			};
			name = Release;
		};
/* End XCBuildConfiguration section */

/* Begin XCConfigurationList section */
		D5E969901B25342800EA8A25 /* Build configuration list for PBXProject "ImageTextMix" */ = {
			isa = XCConfigurationList;
			buildConfigurations = (
				D5E969B61B25342800EA8A25 /* Debug */,
				D5E969B71B25342800EA8A25 /* Release */,
			);
			defaultConfigurationIsVisible = 0;
			defaultConfigurationName = Release;
		};
		D5E969B81B25342800EA8A25 /* Build configuration list for PBXNativeTarget "ImageTextMix" */ = {
			isa = XCConfigurationList;
			buildConfigurations = (
				D5E969B91B25342800EA8A25 /* Debug */,
				D5E969BA1B25342800EA8A25 /* Release */,
			);
			defaultConfigurationIsVisible = 0;
		};
		D5E969BB1B25342800EA8A25 /* Build configuration list for PBXNativeTarget "ImageTextMixTests" */ = {
			isa = XCConfigurationList;
			buildConfigurations = (
				D5E969BC1B25342800EA8A25 /* Debug */,
				D5E969BD1B25342800EA8A25 /* Release */,
			);
			defaultConfigurationIsVisible = 0;
		};
/* End XCConfigurationList section */
	};
	rootObject = D5E9698D1B25342800EA8A25 /* Project object */;
}
